
Microsoft Visual Studio Solution File, Format Version 12.00
# Visual Studio 15
VisualStudioVersion = 15.0.27906.1
MinimumVisualStudioVersion = 10.0.40219.1
Project("{FAE04EC0-301F-11D3-BF4B-00C04F79EFBC}") = "buddhistyouthgroup", "buddhistyouthgroup\buddhistyouthgroup.csproj", "{E9440ECB-138C-4246-8943-EE2EDC99D833}"
EndProject
Global
	GlobalSection(SolutionConfigurationPlatforms) = preSolution
		Debug|Any CPU = Debug|Any CPU
		Release|Any CPU = Release|Any CPU
	EndGlobalSection
	GlobalSection(ProjectConfigurationPlatforms) = postSolution
		{E9440ECB-138C-4246-8943-EE2EDC99D833}.Debug|Any CPU.ActiveCfg = Debug|Any CPU
		{E9440ECB-138C-4246-8943-EE2EDC99D833}.Debug|Any CPU.Build.0 = Debug|Any CPU
		{E9440ECB-138C-4246-8943-EE2EDC99D833}.Release|Any CPU.ActiveCfg = Release|Any CPU
		{E9440ECB-138C-4246-8943-EE2EDC99D833}.Release|Any CPU.Build.0 = Release|Any CPU
	EndGlobalSection
	GlobalSection(SolutionProperties) = preSolution
		HideSolutionNode = FALSE
	EndGlobalSection
	GlobalSection(ExtensibilityGlobals) = postSolution
		SolutionGuid = {D318AD44-B591-498D-AC97-0C75DB5A77F3}
	EndGlobalSection
EndGlobal
